%{"cqerl": {:git, "https://github.com/matehat/cqerl.git", "bc6ae78b03556afc55d3966d0862f87c072bcd82", [tag: "v1.0.1"]},
  "cqex": {:git, "https://github.com/matehat/cqex.git", "41eb673968117e678b58b4806508b8b30d29b626", []},
  "extruder": {:git, "https://github.com/eloy/extruder.git", "48b37e3eb8e9c33750309cd1d7f95ba114fe147f", []},
  "inflex": {:hex, :inflex, "1.7.0", "4466a34b7d8e871d8164619ba0f3b8410ec782e900f0ae1d3d27a5875a29532e", [:mix], [], "hexpm"},
  "lz4": {:git, "https://github.com/szktty/erlang-lz4.git", "30878eafeff35939052c2cafe17d21c95029d3a1", [tag: "0.2.2"]},
  "poison": {:hex, :poison, "2.2.0", "4763b69a8a77bd77d26f477d196428b741261a761257ff1cf92753a0d4d24a63", [:mix], [], "hexpm"},
  "pooler": {:hex, :pooler, "1.5.3", "898cd1fa301fc42d4a8ed598ce139b71ca85b54c16ab161152b5cc5fbdcfa1a8", [], [], "hexpm"},
  "quickrand": {:git, "https://github.com/okeuday/quickrand.git", "3eadabe05bddbffe9e3d5cf17a9384319d8756a1", [tag: "v1.4.0"]},
  "re2": {:git, "https://github.com/tuncer/re2.git", "0afa670c007fbfe2f155d04995362f5fb6f27a11", [tag: "v1.4.0"]},
  "semver": {:git, "https://github.com/nebularis/semver.git", "c7d509f38298ec6594be4efdcd8a8f2322760039", [ref: "c7d509"]},
  "snappy": {:git, "https://github.com/fdmanana/snappy-erlang-nif.git", "c4cd1bb35f3a3a399737d64bd03b479817b90e75", [ref: "c4cd1bb"]},
  "uuid": {:git, "https://github.com/okeuday/uuid.git", "41e4e0edc4fe6291227b3fe74f7c2362f2525b21", [tag: "v1.4.1"]}}
